
Microsoft Visual Studio Solution File, Format Version 12.00
# Visual Studio Version 17
VisualStudioVersion = 17.9.34616.47
MinimumVisualStudioVersion = 10.0.40219.1
Project("{FAE04EC0-301F-11D3-BF4B-00C04F79EFBC}") = "GitHubJenkins_MVC", "GitHubJenkins_MVC\GitHubJenkins_MVC.csproj", "{E5FB2570-4DDD-48D7-9A4C-98BBAE401205}"
EndProject
Global
	GlobalSection(SolutionConfigurationPlatforms) = preSolution
		Debug|Any CPU = Debug|Any CPU
		Release|Any CPU = Release|Any CPU
	EndGlobalSection
	GlobalSection(ProjectConfigurationPlatforms) = postSolution
		{E5FB2570-4DDD-48D7-9A4C-98BBAE401205}.Debug|Any CPU.ActiveCfg = Debug|Any CPU
		{E5FB2570-4DDD-48D7-9A4C-98BBAE401205}.Debug|Any CPU.Build.0 = Debug|Any CPU
		{E5FB2570-4DDD-48D7-9A4C-98BBAE401205}.Release|Any CPU.ActiveCfg = Release|Any CPU
		{E5FB2570-4DDD-48D7-9A4C-98BBAE401205}.Release|Any CPU.Build.0 = Release|Any CPU
	EndGlobalSection
	GlobalSection(SolutionProperties) = preSolution
		HideSolutionNode = FALSE
	EndGlobalSection
	GlobalSection(ExtensibilityGlobals) = postSolution
		SolutionGuid = {196380A7-5ED9-4C6B-AABA-40CA9FFE03D4}
	EndGlobalSection
EndGlobal
